// !$*UTF8*$!
{
	archiveVersion = 1;
	classes = {
	};
	objectVersion = 50;
	objects = {

/* Begin PBXBuildFile section */
		485C25C72DDE8ED8FFEAADAA /* Pods_WilliamSchedule.framework in Frameworks */ = {isa = PBXBuildFile; fileRef = F569B465B73D496314070DD0 /* Pods_WilliamSchedule.framework */; };
		691B99C521227C3F0099B30A /* Assets.xcassets in Resources */ = {isa = PBXBuildFile; fileRef = 691B99C121227C3E0099B30A /* Assets.xcassets */; };
		691B99C621227C3F0099B30A /* GoogleService-Info.plist in Resources */ = {isa = PBXBuildFile; fileRef = 691B99C221227C3E0099B30A /* GoogleService-Info.plist */; };
		691B99C721227C3F0099B30A /* AppDelegate.swift in Sources */ = {isa = PBXBuildFile; fileRef = 691B99C321227C3E0099B30A /* AppDelegate.swift */; };
		691B99CF2122881B0099B30A /* Login.storyboard in Resources */ = {isa = PBXBuildFile; fileRef = 691B99CE2122881B0099B30A /* Login.storyboard */; };
		691B99D2212289CF0099B30A /* AuthService.swift in Sources */ = {isa = PBXBuildFile; fileRef = 691B99D1212289CF0099B30A /* AuthService.swift */; };
		691B99D621228AA10099B30A /* Main.storyboard in Resources */ = {isa = PBXBuildFile; fileRef = 691B99D521228AA10099B30A /* Main.storyboard */; };
		691B99D82122918D0099B30A /* LoginViewController.swift in Sources */ = {isa = PBXBuildFile; fileRef = 691B99D72122918D0099B30A /* LoginViewController.swift */; };
		691B99DB21232E350099B30A /* Patients.storyboard in Resources */ = {isa = PBXBuildFile; fileRef = 691B99DA21232E350099B30A /* Patients.storyboard */; };
		691B99DD21232ED30099B30A /* MainTabBarViewController.swift in Sources */ = {isa = PBXBuildFile; fileRef = 691B99DC21232ED30099B30A /* MainTabBarViewController.swift */; };
		691B99E0212339B80099B30A /* MedicalApoinment.storyboard in Resources */ = {isa = PBXBuildFile; fileRef = 691B99DF212339B80099B30A /* MedicalApoinment.storyboard */; };
		691B99E221233AC10099B30A /* ViewControllersService.swift in Sources */ = {isa = PBXBuildFile; fileRef = 691B99E121233AC10099B30A /* ViewControllersService.swift */; };
		691B99E52123411A0099B30A /* Profile.storyboard in Resources */ = {isa = PBXBuildFile; fileRef = 691B99E42123411A0099B30A /* Profile.storyboard */; };
		691B99E92123467D0099B30A /* ProfileViewController.swift in Sources */ = {isa = PBXBuildFile; fileRef = 691B99E82123467D0099B30A /* ProfileViewController.swift */; };
		691B99EB212359D40099B30A /* MedicalApoinmentViewController.swift in Sources */ = {isa = PBXBuildFile; fileRef = 691B99EA212359D40099B30A /* MedicalApoinmentViewController.swift */; };
		691B99ED212378F90099B30A /* ScheduleApoinmentViewModel.swift in Sources */ = {isa = PBXBuildFile; fileRef = 691B99EC212378F90099B30A /* ScheduleApoinmentViewModel.swift */; };
		691B99F0212384670099B30A /* Schedule.storyboard in Resources */ = {isa = PBXBuildFile; fileRef = 691B99EF212384670099B30A /* Schedule.storyboard */; };
		691B99F2212389D40099B30A /* ScheduleTableViewController.swift in Sources */ = {isa = PBXBuildFile; fileRef = 691B99F1212389D40099B30A /* ScheduleTableViewController.swift */; };
		691B99F421238A040099B30A /* ScheduleModelView.swift in Sources */ = {isa = PBXBuildFile; fileRef = 691B99F321238A040099B30A /* ScheduleModelView.swift */; };
		691B99F6212399160099B30A /* ScheduleTableViewCell.swift in Sources */ = {isa = PBXBuildFile; fileRef = 691B99F5212399160099B30A /* ScheduleTableViewCell.swift */; };
		691B99F92123D5A50099B30A /* Apoinment.swift in Sources */ = {isa = PBXBuildFile; fileRef = 691B99F82123D5A50099B30A /* Apoinment.swift */; };
		691B99FB2123E72C0099B30A /* PatientsViewController.swift in Sources */ = {isa = PBXBuildFile; fileRef = 691B99FA2123E72C0099B30A /* PatientsViewController.swift */; };
		691B99FD2123EBF30099B30A /* ConsultantsTableViewCell.swift in Sources */ = {isa = PBXBuildFile; fileRef = 691B99FC2123EBF30099B30A /* ConsultantsTableViewCell.swift */; };
		691B99FF2123ED5F0099B30A /* ConsultantsViewModel.swift in Sources */ = {isa = PBXBuildFile; fileRef = 691B99FE2123ED5F0099B30A /* ConsultantsViewModel.swift */; };
		691B9A012123F1CA0099B30A /* Consultant.swift in Sources */ = {isa = PBXBuildFile; fileRef = 691B9A002123F1CA0099B30A /* Consultant.swift */; };
		691B9A04212468740099B30A /* AlertViewController.swift in Sources */ = {isa = PBXBuildFile; fileRef = 691B9A03212468740099B30A /* AlertViewController.swift */; };
		692B8BCD212271E600E25461 /* LaunchScreen.storyboard in Resources */ = {isa = PBXBuildFile; fileRef = 692B8BCB212271E600E25461 /* LaunchScreen.storyboard */; };
/* End PBXBuildFile section */

/* Begin PBXFileReference section */
		0FE877F8A16A6BF6BB7A9E24 /* Pods-WilliamSchedule.release.xcconfig */ = {isa = PBXFileReference; includeInIndex = 1; lastKnownFileType = text.xcconfig; name = "Pods-WilliamSchedule.release.xcconfig"; path = "Pods/Target Support Files/Pods-WilliamSchedule/Pods-WilliamSchedule.release.xcconfig"; sourceTree = "<group>"; };
		691B99C121227C3E0099B30A /* Assets.xcassets */ = {isa = PBXFileReference; lastKnownFileType = folder.assetcatalog; path = Assets.xcassets; sourceTree = "<group>"; };
		691B99C221227C3E0099B30A /* GoogleService-Info.plist */ = {isa = PBXFileReference; fileEncoding = 4; lastKnownFileType = text.plist.xml; path = "GoogleService-Info.plist"; sourceTree = "<group>"; };
		691B99C321227C3E0099B30A /* AppDelegate.swift */ = {isa = PBXFileReference; fileEncoding = 4; lastKnownFileType = sourcecode.swift; path = AppDelegate.swift; sourceTree = "<group>"; };
		691B99C421227C3E0099B30A /* Info.plist */ = {isa = PBXFileReference; fileEncoding = 4; lastKnownFileType = text.plist.xml; path = Info.plist; sourceTree = "<group>"; };
		691B99CE2122881B0099B30A /* Login.storyboard */ = {isa = PBXFileReference; lastKnownFileType = file.storyboard; path = Login.storyboard; sourceTree = "<group>"; };
		691B99D1212289CF0099B30A /* AuthService.swift */ = {isa = PBXFileReference; lastKnownFileType = sourcecode.swift; path = AuthService.swift; sourceTree = "<group>"; };
		691B99D521228AA10099B30A /* Main.storyboard */ = {isa = PBXFileReference; lastKnownFileType = file.storyboard; path = Main.storyboard; sourceTree = "<group>"; };
		691B99D72122918D0099B30A /* LoginViewController.swift */ = {isa = PBXFileReference; lastKnownFileType = sourcecode.swift; path = LoginViewController.swift; sourceTree = "<group>"; };
		691B99DA21232E350099B30A /* Patients.storyboard */ = {isa = PBXFileReference; lastKnownFileType = file.storyboard; path = Patients.storyboard; sourceTree = "<group>"; };
		691B99DC21232ED30099B30A /* MainTabBarViewController.swift */ = {isa = PBXFileReference; lastKnownFileType = sourcecode.swift; path = MainTabBarViewController.swift; sourceTree = "<group>"; };
		691B99DF212339B80099B30A /* MedicalApoinment.storyboard */ = {isa = PBXFileReference; lastKnownFileType = file.storyboard; path = MedicalApoinment.storyboard; sourceTree = "<group>"; };
		691B99E121233AC10099B30A /* ViewControllersService.swift */ = {isa = PBXFileReference; lastKnownFileType = sourcecode.swift; path = ViewControllersService.swift; sourceTree = "<group>"; };
		691B99E42123411A0099B30A /* Profile.storyboard */ = {isa = PBXFileReference; lastKnownFileType = file.storyboard; path = Profile.storyboard; sourceTree = "<group>"; };
		691B99E82123467D0099B30A /* ProfileViewController.swift */ = {isa = PBXFileReference; lastKnownFileType = sourcecode.swift; path = ProfileViewController.swift; sourceTree = "<group>"; };
		691B99EA212359D40099B30A /* MedicalApoinmentViewController.swift */ = {isa = PBXFileReference; lastKnownFileType = sourcecode.swift; path = MedicalApoinmentViewController.swift; sourceTree = "<group>"; };
		691B99EC212378F90099B30A /* ScheduleApoinmentViewModel.swift */ = {isa = PBXFileReference; lastKnownFileType = sourcecode.swift; path = ScheduleApoinmentViewModel.swift; sourceTree = "<group>"; };
		691B99EF212384670099B30A /* Schedule.storyboard */ = {isa = PBXFileReference; lastKnownFileType = file.storyboard; path = Schedule.storyboard; sourceTree = "<group>"; };
		691B99F1212389D40099B30A /* ScheduleTableViewController.swift */ = {isa = PBXFileReference; lastKnownFileType = sourcecode.swift; path = ScheduleTableViewController.swift; sourceTree = "<group>"; };
		691B99F321238A040099B30A /* ScheduleModelView.swift */ = {isa = PBXFileReference; lastKnownFileType = sourcecode.swift; path = ScheduleModelView.swift; sourceTree = "<group>"; };
		691B99F5212399160099B30A /* ScheduleTableViewCell.swift */ = {isa = PBXFileReference; lastKnownFileType = sourcecode.swift; path = ScheduleTableViewCell.swift; sourceTree = "<group>"; };
		691B99F82123D5A50099B30A /* Apoinment.swift */ = {isa = PBXFileReference; lastKnownFileType = sourcecode.swift; path = Apoinment.swift; sourceTree = "<group>"; };
		691B99FA2123E72C0099B30A /* PatientsViewController.swift */ = {isa = PBXFileReference; lastKnownFileType = sourcecode.swift; path = PatientsViewController.swift; sourceTree = "<group>"; };
		691B99FC2123EBF30099B30A /* ConsultantsTableViewCell.swift */ = {isa = PBXFileReference; lastKnownFileType = sourcecode.swift; path = ConsultantsTableViewCell.swift; sourceTree = "<group>"; };
		691B99FE2123ED5F0099B30A /* ConsultantsViewModel.swift */ = {isa = PBXFileReference; lastKnownFileType = sourcecode.swift; path = ConsultantsViewModel.swift; sourceTree = "<group>"; };
		691B9A002123F1CA0099B30A /* Consultant.swift */ = {isa = PBXFileReference; lastKnownFileType = sourcecode.swift; path = Consultant.swift; sourceTree = "<group>"; };
		691B9A03212468740099B30A /* AlertViewController.swift */ = {isa = PBXFileReference; lastKnownFileType = sourcecode.swift; path = AlertViewController.swift; sourceTree = "<group>"; };
		692B8BBC212271E500E25461 /* WilliamSchedule.app */ = {isa = PBXFileReference; explicitFileType = wrapper.application; includeInIndex = 0; path = WilliamSchedule.app; sourceTree = BUILT_PRODUCTS_DIR; };
		692B8BCC212271E600E25461 /* Base */ = {isa = PBXFileReference; lastKnownFileType = file.storyboard; name = Base; path = Base.lproj/LaunchScreen.storyboard; sourceTree = "<group>"; };
		78FCECF0ACCDD9FC4D24E5FC /* Pods-WilliamSchedule.debug.xcconfig */ = {isa = PBXFileReference; includeInIndex = 1; lastKnownFileType = text.xcconfig; name = "Pods-WilliamSchedule.debug.xcconfig"; path = "Pods/Target Support Files/Pods-WilliamSchedule/Pods-WilliamSchedule.debug.xcconfig"; sourceTree = "<group>"; };
		F569B465B73D496314070DD0 /* Pods_WilliamSchedule.framework */ = {isa = PBXFileReference; explicitFileType = wrapper.framework; includeInIndex = 0; path = Pods_WilliamSchedule.framework; sourceTree = BUILT_PRODUCTS_DIR; };
/* End PBXFileReference section */

/* Begin PBXFrameworksBuildPhase section */
		692B8BB9212271E500E25461 /* Frameworks */ = {
			isa = PBXFrameworksBuildPhase;
			buildActionMask = 2147483647;
			files = (
				485C25C72DDE8ED8FFEAADAA /* Pods_WilliamSchedule.framework in Frameworks */,
			);
			runOnlyForDeploymentPostprocessing = 0;
		};
/* End PBXFrameworksBuildPhase section */

/* Begin PBXGroup section */
		0ED51EED0A4B9ADF3EF187F1 /* Frameworks */ = {
			isa = PBXGroup;
			children = (
				F569B465B73D496314070DD0 /* Pods_WilliamSchedule.framework */,
			);
			name = Frameworks;
			sourceTree = "<group>";
		};
		46239BF0D3882A382A5DE02F /* Pods */ = {
			isa = PBXGroup;
			children = (
				78FCECF0ACCDD9FC4D24E5FC /* Pods-WilliamSchedule.debug.xcconfig */,
				0FE877F8A16A6BF6BB7A9E24 /* Pods-WilliamSchedule.release.xcconfig */,
			);
			name = Pods;
			sourceTree = "<group>";
		};
		691B99C021227C3E0099B30A /* Base */ = {
			isa = PBXGroup;
			children = (
				691B99C221227C3E0099B30A /* GoogleService-Info.plist */,
				692B8BCB212271E600E25461 /* LaunchScreen.storyboard */,
				691B99C321227C3E0099B30A /* AppDelegate.swift */,
				691B99C421227C3E0099B30A /* Info.plist */,
			);
			path = Base;
			sourceTree = "<group>";
		};
		691B99C92122873A0099B30A /* Application */ = {
			isa = PBXGroup;
			children = (
				691B99EE212384530099B30A /* Schedule */,
				691B99E321233E340099B30A /* Profile */,
				691B99DE2123399B0099B30A /* Medical Apoinment */,
				691B99D921232E030099B30A /* Patients */,
				691B99D421228A730099B30A /* Main */,
				691B99CA2122876E0099B30A /* Login */,
			);
			path = Application;
			sourceTree = "<group>";
		};
		691B99CA2122876E0099B30A /* Login */ = {
			isa = PBXGroup;
			children = (
				691B99CE2122881B0099B30A /* Login.storyboard */,
				691B99D72122918D0099B30A /* LoginViewController.swift */,
			);
			path = Login;
			sourceTree = "<group>";
		};
		691B99CD212287F10099B30A /* Resources */ = {
			isa = PBXGroup;
			children = (
				691B99C121227C3E0099B30A /* Assets.xcassets */,
			);
			path = Resources;
			sourceTree = "<group>";
		};
		691B99D0212289AF0099B30A /* Service */ = {
			isa = PBXGroup;
			children = (
				691B99D1212289CF0099B30A /* AuthService.swift */,
				691B99E121233AC10099B30A /* ViewControllersService.swift */,
			);
			path = Service;
			sourceTree = "<group>";
		};
		691B99D421228A730099B30A /* Main */ = {
			isa = PBXGroup;
			children = (
				691B99D521228AA10099B30A /* Main.storyboard */,
				691B99DC21232ED30099B30A /* MainTabBarViewController.swift */,
			);
			path = Main;
			sourceTree = "<group>";
		};
		691B99D921232E030099B30A /* Patients */ = {
			isa = PBXGroup;
			children = (
				691B99DA21232E350099B30A /* Patients.storyboard */,
				691B99FA2123E72C0099B30A /* PatientsViewController.swift */,
				691B99FC2123EBF30099B30A /* ConsultantsTableViewCell.swift */,
				691B99FE2123ED5F0099B30A /* ConsultantsViewModel.swift */,
			);
			path = Patients;
			sourceTree = "<group>";
		};
		691B99DE2123399B0099B30A /* Medical Apoinment */ = {
			isa = PBXGroup;
			children = (
				691B99DF212339B80099B30A /* MedicalApoinment.storyboard */,
				691B99EA212359D40099B30A /* MedicalApoinmentViewController.swift */,
				691B99EC212378F90099B30A /* ScheduleApoinmentViewModel.swift */,
			);
			path = "Medical Apoinment";
			sourceTree = "<group>";
		};
		691B99E321233E340099B30A /* Profile */ = {
			isa = PBXGroup;
			children = (
				691B99E42123411A0099B30A /* Profile.storyboard */,
				691B99E82123467D0099B30A /* ProfileViewController.swift */,
			);
			path = Profile;
			sourceTree = "<group>";
		};
		691B99EE212384530099B30A /* Schedule */ = {
			isa = PBXGroup;
			children = (
				691B99EF212384670099B30A /* Schedule.storyboard */,
				691B99F1212389D40099B30A /* ScheduleTableViewController.swift */,
				691B99F321238A040099B30A /* ScheduleModelView.swift */,
				691B99F5212399160099B30A /* ScheduleTableViewCell.swift */,
			);
			path = Schedule;
			sourceTree = "<group>";
		};
		691B99F72123D5850099B30A /* Models */ = {
			isa = PBXGroup;
			children = (
				691B99F82123D5A50099B30A /* Apoinment.swift */,
				691B9A002123F1CA0099B30A /* Consultant.swift */,
			);
			path = Models;
			sourceTree = "<group>";
		};
		691B9A022124684A0099B30A /* Extensions */ = {
			isa = PBXGroup;
			children = (
				691B9A03212468740099B30A /* AlertViewController.swift */,
			);
			path = Extensions;
			sourceTree = "<group>";
		};
		692B8BB3212271E500E25461 = {
			isa = PBXGroup;
			children = (
				692B8BBE212271E500E25461 /* WilliamSchedule */,
				692B8BBD212271E500E25461 /* Products */,
				46239BF0D3882A382A5DE02F /* Pods */,
				0ED51EED0A4B9ADF3EF187F1 /* Frameworks */,
			);
			sourceTree = "<group>";
		};
		692B8BBD212271E500E25461 /* Products */ = {
			isa = PBXGroup;
			children = (
				692B8BBC212271E500E25461 /* WilliamSchedule.app */,
			);
			name = Products;
			sourceTree = "<group>";
		};
		692B8BBE212271E500E25461 /* WilliamSchedule */ = {
			isa = PBXGroup;
			children = (
				691B9A022124684A0099B30A /* Extensions */,
				691B99F72123D5850099B30A /* Models */,
				691B99D0212289AF0099B30A /* Service */,
				691B99CD212287F10099B30A /* Resources */,
				691B99C92122873A0099B30A /* Application */,
				691B99C021227C3E0099B30A /* Base */,
			);
			path = WilliamSchedule;
			sourceTree = "<group>";
		};
/* End PBXGroup section */

/* Begin PBXNativeTarget section */
		692B8BBB212271E500E25461 /* WilliamSchedule */ = {
			isa = PBXNativeTarget;
			buildConfigurationList = 692B8BD1212271E600E25461 /* Build configuration list for PBXNativeTarget "WilliamSchedule" */;
			buildPhases = (
				F802C29C71F32D31ABD56801 /* [CP] Check Pods Manifest.lock */,
				692B8BB8212271E500E25461 /* Sources */,
				692B8BB9212271E500E25461 /* Frameworks */,
				692B8BBA212271E500E25461 /* Resources */,
				7D916343C013CB8A3AD4E331 /* [CP] Embed Pods Frameworks */,
			);
			buildRules = (
			);
			dependencies = (
			);
			name = WilliamSchedule;
			productName = WilliamSchedule;
			productReference = 692B8BBC212271E500E25461 /* WilliamSchedule.app */;
			productType = "com.apple.product-type.application";
		};
/* End PBXNativeTarget section */

/* Begin PBXProject section */
		692B8BB4212271E500E25461 /* Project object */ = {
			isa = PBXProject;
			attributes = {
				LastSwiftUpdateCheck = 0940;
				LastUpgradeCheck = 0940;
				ORGANIZATIONNAME = WilliamsMedical;
				TargetAttributes = {
					692B8BBB212271E500E25461 = {
						CreatedOnToolsVersion = 9.4;
					};
				};
			};
			buildConfigurationList = 692B8BB7212271E500E25461 /* Build configuration list for PBXProject "WilliamSchedule" */;
			compatibilityVersion = "Xcode 9.3";
			developmentRegion = en;
			hasScannedForEncodings = 0;
			knownRegions = (
				en,
				Base,
			);
			mainGroup = 692B8BB3212271E500E25461;
			productRefGroup = 692B8BBD212271E500E25461 /* Products */;
			projectDirPath = "";
			projectRoot = "";
			targets = (
				692B8BBB212271E500E25461 /* WilliamSchedule */,
			);
		};
/* End PBXProject section */

/* Begin PBXResourcesBuildPhase section */
		692B8BBA212271E500E25461 /* Resources */ = {
			isa = PBXResourcesBuildPhase;
			buildActionMask = 2147483647;
			files = (
				692B8BCD212271E600E25461 /* LaunchScreen.storyboard in Resources */,
				691B99C621227C3F0099B30A /* GoogleService-Info.plist in Resources */,
				691B99DB21232E350099B30A /* Patients.storyboard in Resources */,
				691B99C521227C3F0099B30A /* Assets.xcassets in Resources */,
				691B99E0212339B80099B30A /* MedicalApoinment.storyboard in Resources */,
				691B99D621228AA10099B30A /* Main.storyboard in Resources */,
				691B99E52123411A0099B30A /* Profile.storyboard in Resources */,
				691B99CF2122881B0099B30A /* Login.storyboard in Resources */,
				691B99F0212384670099B30A /* Schedule.storyboard in Resources */,
			);
			runOnlyForDeploymentPostprocessing = 0;
		};
/* End PBXResourcesBuildPhase section */

/* Begin PBXShellScriptBuildPhase section */
		7D916343C013CB8A3AD4E331 /* [CP] Embed Pods Frameworks */ = {
			isa = PBXShellScriptBuildPhase;
			buildActionMask = 2147483647;
			files = (
			);
			inputPaths = (
				"${SRCROOT}/Pods/Target Support Files/Pods-WilliamSchedule/Pods-WilliamSchedule-frameworks.sh",
				"${BUILT_PRODUCTS_DIR}/Bolts/Bolts.framework",
				"${BUILT_PRODUCTS_DIR}/BoringSSL/openssl.framework",
				"${BUILT_PRODUCTS_DIR}/FBSDKCoreKit/FBSDKCoreKit.framework",
				"${BUILT_PRODUCTS_DIR}/FBSDKLoginKit/FBSDKLoginKit.framework",
				"${BUILT_PRODUCTS_DIR}/GTMSessionFetcher/GTMSessionFetcher.framework",
				"${BUILT_PRODUCTS_DIR}/GoogleUtilities/GoogleUtilities.framework",
				"${BUILT_PRODUCTS_DIR}/Protobuf/Protobuf.framework",
				"${BUILT_PRODUCTS_DIR}/gRPC/GRPCClient.framework",
				"${BUILT_PRODUCTS_DIR}/gRPC-Core/grpc.framework",
				"${BUILT_PRODUCTS_DIR}/gRPC-ProtoRPC/ProtoRPC.framework",
				"${BUILT_PRODUCTS_DIR}/gRPC-RxLibrary/RxLibrary.framework",
				"${BUILT_PRODUCTS_DIR}/leveldb-library/leveldb.framework",
				"${BUILT_PRODUCTS_DIR}/nanopb/nanopb.framework",
			);
			name = "[CP] Embed Pods Frameworks";
			outputPaths = (
				"${TARGET_BUILD_DIR}/${FRAMEWORKS_FOLDER_PATH}/Bolts.framework",
				"${TARGET_BUILD_DIR}/${FRAMEWORKS_FOLDER_PATH}/openssl.framework",
				"${TARGET_BUILD_DIR}/${FRAMEWORKS_FOLDER_PATH}/FBSDKCoreKit.framework",
				"${TARGET_BUILD_DIR}/${FRAMEWORKS_FOLDER_PATH}/FBSDKLoginKit.framework",
				"${TARGET_BUILD_DIR}/${FRAMEWORKS_FOLDER_PATH}/GTMSessionFetcher.framework",
				"${TARGET_BUILD_DIR}/${FRAMEWORKS_FOLDER_PATH}/GoogleUtilities.framework",
				"${TARGET_BUILD_DIR}/${FRAMEWORKS_FOLDER_PATH}/Protobuf.framework",
				"${TARGET_BUILD_DIR}/${FRAMEWORKS_FOLDER_PATH}/GRPCClient.framework",
				"${TARGET_BUILD_DIR}/${FRAMEWORKS_FOLDER_PATH}/grpc.framework",
				"${TARGET_BUILD_DIR}/${FRAMEWORKS_FOLDER_PATH}/ProtoRPC.framework",
				"${TARGET_BUILD_DIR}/${FRAMEWORKS_FOLDER_PATH}/RxLibrary.framework",
				"${TARGET_BUILD_DIR}/${FRAMEWORKS_FOLDER_PATH}/leveldb.framework",
				"${TARGET_BUILD_DIR}/${FRAMEWORKS_FOLDER_PATH}/nanopb.framework",
			);
			runOnlyForDeploymentPostprocessing = 0;
			shellPath = /bin/sh;
			shellScript = "\"${SRCROOT}/Pods/Target Support Files/Pods-WilliamSchedule/Pods-WilliamSchedule-frameworks.sh\"\n";
			showEnvVarsInLog = 0;
		};
		F802C29C71F32D31ABD56801 /* [CP] Check Pods Manifest.lock */ = {
			isa = PBXShellScriptBuildPhase;
			buildActionMask = 2147483647;
			files = (
			);
			inputPaths = (
				"${PODS_PODFILE_DIR_PATH}/Podfile.lock",
				"${PODS_ROOT}/Manifest.lock",
			);
			name = "[CP] Check Pods Manifest.lock";
			outputPaths = (
				"$(DERIVED_FILE_DIR)/Pods-WilliamSchedule-checkManifestLockResult.txt",
			);
			runOnlyForDeploymentPostprocessing = 0;
			shellPath = /bin/sh;
			shellScript = "diff \"${PODS_PODFILE_DIR_PATH}/Podfile.lock\" \"${PODS_ROOT}/Manifest.lock\" > /dev/null\nif [ $? != 0 ] ; then\n    # print error to STDERR\n    echo \"error: The sandbox is not in sync with the Podfile.lock. Run 'pod install' or update your CocoaPods installation.\" >&2\n    exit 1\nfi\n# This output is used by Xcode 'outputs' to avoid re-running this script phase.\necho \"SUCCESS\" > \"${SCRIPT_OUTPUT_FILE_0}\"\n";
			showEnvVarsInLog = 0;
		};
/* End PBXShellScriptBuildPhase section */

/* Begin PBXSourcesBuildPhase section */
		692B8BB8212271E500E25461 /* Sources */ = {
			isa = PBXSourcesBuildPhase;
			buildActionMask = 2147483647;
			files = (
				691B99F2212389D40099B30A /* ScheduleTableViewController.swift in Sources */,
				691B99FB2123E72C0099B30A /* PatientsViewController.swift in Sources */,
				691B99E92123467D0099B30A /* ProfileViewController.swift in Sources */,
				691B99F6212399160099B30A /* ScheduleTableViewCell.swift in Sources */,
				691B99E221233AC10099B30A /* ViewControllersService.swift in Sources */,
				691B99EB212359D40099B30A /* MedicalApoinmentViewController.swift in Sources */,
				691B9A012123F1CA0099B30A /* Consultant.swift in Sources */,
				691B99F92123D5A50099B30A /* Apoinment.swift in Sources */,
				691B9A04212468740099B30A /* AlertViewController.swift in Sources */,
				691B99D82122918D0099B30A /* LoginViewController.swift in Sources */,
				691B99FF2123ED5F0099B30A /* ConsultantsViewModel.swift in Sources */,
				691B99F421238A040099B30A /* ScheduleModelView.swift in Sources */,
				691B99DD21232ED30099B30A /* MainTabBarViewController.swift in Sources */,
				691B99C721227C3F0099B30A /* AppDelegate.swift in Sources */,
				691B99ED212378F90099B30A /* ScheduleApoinmentViewModel.swift in Sources */,
				691B99FD2123EBF30099B30A /* ConsultantsTableViewCell.swift in Sources */,
				691B99D2212289CF0099B30A /* AuthService.swift in Sources */,
			);
			runOnlyForDeploymentPostprocessing = 0;
		};
/* End PBXSourcesBuildPhase section */

/* Begin PBXVariantGroup section */
		692B8BCB212271E600E25461 /* LaunchScreen.storyboard */ = {
			isa = PBXVariantGroup;
			children = (
				692B8BCC212271E600E25461 /* Base */,
			);
			name = LaunchScreen.storyboard;
			sourceTree = "<group>";
		};
/* End PBXVariantGroup section */

/* Begin XCBuildConfiguration section */
		692B8BCF212271E600E25461 /* Debug */ = {
			isa = XCBuildConfiguration;
			buildSettings = {
				ALWAYS_SEARCH_USER_PATHS = NO;
				CLANG_ANALYZER_NONNULL = YES;
				CLANG_ANALYZER_NUMBER_OBJECT_CONVERSION = YES_AGGRESSIVE;
				CLANG_CXX_LANGUAGE_STANDARD = "gnu++14";
				CLANG_CXX_LIBRARY = "libc++";
				CLANG_ENABLE_MODULES = YES;
				CLANG_ENABLE_OBJC_ARC = YES;
				CLANG_ENABLE_OBJC_WEAK = YES;
				CLANG_WARN_BLOCK_CAPTURE_AUTORELEASING = YES;
				CLANG_WARN_BOOL_CONVERSION = YES;
				CLANG_WARN_COMMA = YES;
				CLANG_WARN_CONSTANT_CONVERSION = YES;
				CLANG_WARN_DEPRECATED_OBJC_IMPLEMENTATIONS = YES;
				CLANG_WARN_DIRECT_OBJC_ISA_USAGE = YES_ERROR;
				CLANG_WARN_DOCUMENTATION_COMMENTS = YES;
				CLANG_WARN_EMPTY_BODY = YES;
				CLANG_WARN_ENUM_CONVERSION = YES;
				CLANG_WARN_INFINITE_RECURSION = YES;
				CLANG_WARN_INT_CONVERSION = YES;
				CLANG_WARN_NON_LITERAL_NULL_CONVERSION = YES;
				CLANG_WARN_OBJC_IMPLICIT_RETAIN_SELF = YES;
				CLANG_WARN_OBJC_LITERAL_CONVERSION = YES;
				CLANG_WARN_OBJC_ROOT_CLASS = YES_ERROR;
				CLANG_WARN_RANGE_LOOP_ANALYSIS = YES;
				CLANG_WARN_STRICT_PROTOTYPES = YES;
				CLANG_WARN_SUSPICIOUS_MOVE = YES;
				CLANG_WARN_UNGUARDED_AVAILABILITY = YES_AGGRESSIVE;
				CLANG_WARN_UNREACHABLE_CODE = YES;
				CLANG_WARN__DUPLICATE_METHOD_MATCH = YES;
				CODE_SIGN_IDENTITY = "iPhone Developer";
				COPY_PHASE_STRIP = NO;
				DEBUG_INFORMATION_FORMAT = dwarf;
				ENABLE_STRICT_OBJC_MSGSEND = YES;
				ENABLE_TESTABILITY = YES;
				GCC_C_LANGUAGE_STANDARD = gnu11;
				GCC_DYNAMIC_NO_PIC = NO;
				GCC_NO_COMMON_BLOCKS = YES;
				GCC_OPTIMIZATION_LEVEL = 0;
				GCC_PREPROCESSOR_DEFINITIONS = (
					"DEBUG=1",
					"$(inherited)",
				);
				GCC_WARN_64_TO_32_BIT_CONVERSION = YES;
				GCC_WARN_ABOUT_RETURN_TYPE = YES_ERROR;
				GCC_WARN_UNDECLARED_SELECTOR = YES;
				GCC_WARN_UNINITIALIZED_AUTOS = YES_AGGRESSIVE;
				GCC_WARN_UNUSED_FUNCTION = YES;
				GCC_WARN_UNUSED_VARIABLE = YES;
				IPHONEOS_DEPLOYMENT_TARGET = 10.3;
				MTL_ENABLE_DEBUG_INFO = YES;
				ONLY_ACTIVE_ARCH = YES;
				SDKROOT = iphoneos;
				SWIFT_ACTIVE_COMPILATION_CONDITIONS = DEBUG;
				SWIFT_OPTIMIZATION_LEVEL = "-Onone";
			};
			name = Debug;
		};
		692B8BD0212271E600E25461 /* Release */ = {
			isa = XCBuildConfiguration;
			buildSettings = {
				ALWAYS_SEARCH_USER_PATHS = NO;
				CLANG_ANALYZER_NONNULL = YES;
				CLANG_ANALYZER_NUMBER_OBJECT_CONVERSION = YES_AGGRESSIVE;
				CLANG_CXX_LANGUAGE_STANDARD = "gnu++14";
				CLANG_CXX_LIBRARY = "libc++";
				CLANG_ENABLE_MODULES = YES;
				CLANG_ENABLE_OBJC_ARC = YES;
				CLANG_ENABLE_OBJC_WEAK = YES;
				CLANG_WARN_BLOCK_CAPTURE_AUTORELEASING = YES;
				CLANG_WARN_BOOL_CONVERSION = YES;
				CLANG_WARN_COMMA = YES;
				CLANG_WARN_CONSTANT_CONVERSION = YES;
				CLANG_WARN_DEPRECATED_OBJC_IMPLEMENTATIONS = YES;
				CLANG_WARN_DIRECT_OBJC_ISA_USAGE = YES_ERROR;
				CLANG_WARN_DOCUMENTATION_COMMENTS = YES;
				CLANG_WARN_EMPTY_BODY = YES;
				CLANG_WARN_ENUM_CONVERSION = YES;
				CLANG_WARN_INFINITE_RECURSION = YES;
				CLANG_WARN_INT_CONVERSION = YES;
				CLANG_WARN_NON_LITERAL_NULL_CONVERSION = YES;
				CLANG_WARN_OBJC_IMPLICIT_RETAIN_SELF = YES;
				CLANG_WARN_OBJC_LITERAL_CONVERSION = YES;
				CLANG_WARN_OBJC_ROOT_CLASS = YES_ERROR;
				CLANG_WARN_RANGE_LOOP_ANALYSIS = YES;
				CLANG_WARN_STRICT_PROTOTYPES = YES;
				CLANG_WARN_SUSPICIOUS_MOVE = YES;
				CLANG_WARN_UNGUARDED_AVAILABILITY = YES_AGGRESSIVE;
				CLANG_WARN_UNREACHABLE_CODE = YES;
				CLANG_WARN__DUPLICATE_METHOD_MATCH = YES;
				CODE_SIGN_IDENTITY = "iPhone Developer";
				COPY_PHASE_STRIP = NO;
				DEBUG_INFORMATION_FORMAT = "dwarf-with-dsym";
				ENABLE_NS_ASSERTIONS = NO;
				ENABLE_STRICT_OBJC_MSGSEND = YES;
				GCC_C_LANGUAGE_STANDARD = gnu11;
				GCC_NO_COMMON_BLOCKS = YES;
				GCC_WARN_64_TO_32_BIT_CONVERSION = YES;
				GCC_WARN_ABOUT_RETURN_TYPE = YES_ERROR;
				GCC_WARN_UNDECLARED_SELECTOR = YES;
				GCC_WARN_UNINITIALIZED_AUTOS = YES_AGGRESSIVE;
				GCC_WARN_UNUSED_FUNCTION = YES;
				GCC_WARN_UNUSED_VARIABLE = YES;
				IPHONEOS_DEPLOYMENT_TARGET = 10.3;
				MTL_ENABLE_DEBUG_INFO = NO;
				SDKROOT = iphoneos;
				SWIFT_COMPILATION_MODE = wholemodule;
				SWIFT_OPTIMIZATION_LEVEL = "-O";
				VALIDATE_PRODUCT = YES;
			};
			name = Release;
		};
		692B8BD2212271E600E25461 /* Debug */ = {
			isa = XCBuildConfiguration;
			baseConfigurationReference = 78FCECF0ACCDD9FC4D24E5FC /* Pods-WilliamSchedule.debug.xcconfig */;
			buildSettings = {
				ASSETCATALOG_COMPILER_APPICON_NAME = AppIcon;
				CODE_SIGN_STYLE = Automatic;
				DEVELOPMENT_TEAM = 69RRCEKXZC;
				INFOPLIST_FILE = "$(SRCROOT)/WilliamSchedule/Base/Info.plist";
				LD_RUNPATH_SEARCH_PATHS = (
					"$(inherited)",
					"@executable_path/Frameworks",
				);
				PRODUCT_BUNDLE_IDENTIFIER = Williams.WilliamSchedule;
				PRODUCT_NAME = "$(TARGET_NAME)";
				SWIFT_VERSION = 4.0;
				TARGETED_DEVICE_FAMILY = "1,2";
			};
			name = Debug;
		};
		692B8BD3212271E600E25461 /* Release */ = {
			isa = XCBuildConfiguration;
			baseConfigurationReference = 0FE877F8A16A6BF6BB7A9E24 /* Pods-WilliamSchedule.release.xcconfig */;
			buildSettings = {
				ASSETCATALOG_COMPILER_APPICON_NAME = AppIcon;
				CODE_SIGN_STYLE = Automatic;
				DEVELOPMENT_TEAM = 69RRCEKXZC;
				INFOPLIST_FILE = "$(SRCROOT)/WilliamSchedule/Base/Info.plist";
				LD_RUNPATH_SEARCH_PATHS = (
					"$(inherited)",
					"@executable_path/Frameworks",
				);
				PRODUCT_BUNDLE_IDENTIFIER = Williams.WilliamSchedule;
				PRODUCT_NAME = "$(TARGET_NAME)";
				SWIFT_VERSION = 4.0;
				TARGETED_DEVICE_FAMILY = "1,2";
			};
			name = Release;
		};
/* End XCBuildConfiguration section */

/* Begin XCConfigurationList section */
		692B8BB7212271E500E25461 /* Build configuration list for PBXProject "WilliamSchedule" */ = {
			isa = XCConfigurationList;
			buildConfigurations = (
				692B8BCF212271E600E25461 /* Debug */,
				692B8BD0212271E600E25461 /* Release */,
			);
			defaultConfigurationIsVisible = 0;
			defaultConfigurationName = Release;
		};
		692B8BD1212271E600E25461 /* Build configuration list for PBXNativeTarget "WilliamSchedule" */ = {
			isa = XCConfigurationList;
			buildConfigurations = (
				692B8BD2212271E600E25461 /* Debug */,
				692B8BD3212271E600E25461 /* Release */,
			);
			defaultConfigurationIsVisible = 0;
			defaultConfigurationName = Release;
		};
/* End XCConfigurationList section */
	};
	rootObject = 692B8BB4212271E500E25461 /* Project object */;
}
